
Microsoft Visual Studio Solution File, Format Version 12.00
# Visual Studio Version 16
VisualStudioVersion = 16.0.29806.167
MinimumVisualStudioVersion = 10.0.40219.1
Project("{9A19103F-16F7-4668-BE54-9A1E7A4F7556}") = "Titulo", "Titulo\Titulo.csproj", "{54126483-5B79-402E-A138-7E853BB9A775}"
EndProject
Project("{9A19103F-16F7-4668-BE54-9A1E7A4F7556}") = "TesteNUnit", "TesteNUnit\TesteNUnit.csproj", "{85D71767-CF76-4F2B-9154-720E5B368E91}"
EndProject
Project("{FAE04EC0-301F-11D3-BF4B-00C04F79EFBC}") = "Titulo UWP", "Titulo UWP\Titulo UWP.csproj", "{71FB5470-F07B-4CF4-8879-54AEED5DBCBC}"
EndProject
Global
	GlobalSection(SolutionConfigurationPlatforms) = preSolution
		Debug|Any CPU = Debug|Any CPU
		Debug|ARM = Debug|ARM
		Debug|ARM64 = Debug|ARM64
		Debug|x64 = Debug|x64
		Debug|x86 = Debug|x86
		Release|Any CPU = Release|Any CPU
		Release|ARM = Release|ARM
		Release|ARM64 = Release|ARM64
		Release|x64 = Release|x64
		Release|x86 = Release|x86
	EndGlobalSection
	GlobalSection(ProjectConfigurationPlatforms) = postSolution
		{54126483-5B79-402E-A138-7E853BB9A775}.Debug|Any CPU.ActiveCfg = Debug|Any CPU
		{54126483-5B79-402E-A138-7E853BB9A775}.Debug|Any CPU.Build.0 = Debug|Any CPU
		{54126483-5B79-402E-A138-7E853BB9A775}.Debug|ARM.ActiveCfg = Debug|Any CPU
		{54126483-5B79-402E-A138-7E853BB9A775}.Debug|ARM.Build.0 = Debug|Any CPU
		{54126483-5B79-402E-A138-7E853BB9A775}.Debug|ARM64.ActiveCfg = Debug|Any CPU
		{54126483-5B79-402E-A138-7E853BB9A775}.Debug|ARM64.Build.0 = Debug|Any CPU
		{54126483-5B79-402E-A138-7E853BB9A775}.Debug|x64.ActiveCfg = Debug|Any CPU
		{54126483-5B79-402E-A138-7E853BB9A775}.Debug|x64.Build.0 = Debug|Any CPU
		{54126483-5B79-402E-A138-7E853BB9A775}.Debug|x86.ActiveCfg = Debug|Any CPU
		{54126483-5B79-402E-A138-7E853BB9A775}.Debug|x86.Build.0 = Debug|Any CPU
		{54126483-5B79-402E-A138-7E853BB9A775}.Release|Any CPU.ActiveCfg = Release|Any CPU
		{54126483-5B79-402E-A138-7E853BB9A775}.Release|Any CPU.Build.0 = Release|Any CPU
		{54126483-5B79-402E-A138-7E853BB9A775}.Release|ARM.ActiveCfg = Release|Any CPU
		{54126483-5B79-402E-A138-7E853BB9A775}.Release|ARM.Build.0 = Release|Any CPU
		{54126483-5B79-402E-A138-7E853BB9A775}.Release|ARM64.ActiveCfg = Release|Any CPU
		{54126483-5B79-402E-A138-7E853BB9A775}.Release|ARM64.Build.0 = Release|Any CPU
		{54126483-5B79-402E-A138-7E853BB9A775}.Release|x64.ActiveCfg = Release|Any CPU
		{54126483-5B79-402E-A138-7E853BB9A775}.Release|x64.Build.0 = Release|Any CPU
		{54126483-5B79-402E-A138-7E853BB9A775}.Release|x86.ActiveCfg = Release|Any CPU
		{54126483-5B79-402E-A138-7E853BB9A775}.Release|x86.Build.0 = Release|Any CPU
		{85D71767-CF76-4F2B-9154-720E5B368E91}.Debug|Any CPU.ActiveCfg = Debug|Any CPU
		{85D71767-CF76-4F2B-9154-720E5B368E91}.Debug|Any CPU.Build.0 = Debug|Any CPU
		{85D71767-CF76-4F2B-9154-720E5B368E91}.Debug|ARM.ActiveCfg = Debug|Any CPU
		{85D71767-CF76-4F2B-9154-720E5B368E91}.Debug|ARM.Build.0 = Debug|Any CPU
		{85D71767-CF76-4F2B-9154-720E5B368E91}.Debug|ARM64.ActiveCfg = Debug|Any CPU
		{85D71767-CF76-4F2B-9154-720E5B368E91}.Debug|ARM64.Build.0 = Debug|Any CPU
		{85D71767-CF76-4F2B-9154-720E5B368E91}.Debug|x64.ActiveCfg = Debug|Any CPU
		{85D71767-CF76-4F2B-9154-720E5B368E91}.Debug|x64.Build.0 = Debug|Any CPU
		{85D71767-CF76-4F2B-9154-720E5B368E91}.Debug|x86.ActiveCfg = Debug|Any CPU
		{85D71767-CF76-4F2B-9154-720E5B368E91}.Debug|x86.Build.0 = Debug|Any CPU
		{85D71767-CF76-4F2B-9154-720E5B368E91}.Release|Any CPU.ActiveCfg = Release|Any CPU
		{85D71767-CF76-4F2B-9154-720E5B368E91}.Release|Any CPU.Build.0 = Release|Any CPU
		{85D71767-CF76-4F2B-9154-720E5B368E91}.Release|ARM.ActiveCfg = Release|Any CPU
		{85D71767-CF76-4F2B-9154-720E5B368E91}.Release|ARM.Build.0 = Release|Any CPU
		{85D71767-CF76-4F2B-9154-720E5B368E91}.Release|ARM64.ActiveCfg = Release|Any CPU
		{85D71767-CF76-4F2B-9154-720E5B368E91}.Release|ARM64.Build.0 = Release|Any CPU
		{85D71767-CF76-4F2B-9154-720E5B368E91}.Release|x64.ActiveCfg = Release|Any CPU
		{85D71767-CF76-4F2B-9154-720E5B368E91}.Release|x64.Build.0 = Release|Any CPU
		{85D71767-CF76-4F2B-9154-720E5B368E91}.Release|x86.ActiveCfg = Release|Any CPU
		{85D71767-CF76-4F2B-9154-720E5B368E91}.Release|x86.Build.0 = Release|Any CPU
		{71FB5470-F07B-4CF4-8879-54AEED5DBCBC}.Debug|Any CPU.ActiveCfg = Debug|x86
		{71FB5470-F07B-4CF4-8879-54AEED5DBCBC}.Debug|Any CPU.Build.0 = Debug|x86
		{71FB5470-F07B-4CF4-8879-54AEED5DBCBC}.Debug|Any CPU.Deploy.0 = Debug|x86
		{71FB5470-F07B-4CF4-8879-54AEED5DBCBC}.Debug|ARM.ActiveCfg = Debug|ARM
		{71FB5470-F07B-4CF4-8879-54AEED5DBCBC}.Debug|ARM.Build.0 = Debug|ARM
		{71FB5470-F07B-4CF4-8879-54AEED5DBCBC}.Debug|ARM.Deploy.0 = Debug|ARM
		{71FB5470-F07B-4CF4-8879-54AEED5DBCBC}.Debug|ARM64.ActiveCfg = Debug|ARM64
		{71FB5470-F07B-4CF4-8879-54AEED5DBCBC}.Debug|ARM64.Build.0 = Debug|ARM64
		{71FB5470-F07B-4CF4-8879-54AEED5DBCBC}.Debug|ARM64.Deploy.0 = Debug|ARM64
		{71FB5470-F07B-4CF4-8879-54AEED5DBCBC}.Debug|x64.ActiveCfg = Debug|x64
		{71FB5470-F07B-4CF4-8879-54AEED5DBCBC}.Debug|x64.Build.0 = Debug|x64
		{71FB5470-F07B-4CF4-8879-54AEED5DBCBC}.Debug|x64.Deploy.0 = Debug|x64
		{71FB5470-F07B-4CF4-8879-54AEED5DBCBC}.Debug|x86.ActiveCfg = Debug|x86
		{71FB5470-F07B-4CF4-8879-54AEED5DBCBC}.Debug|x86.Build.0 = Debug|x86
		{71FB5470-F07B-4CF4-8879-54AEED5DBCBC}.Debug|x86.Deploy.0 = Debug|x86
		{71FB5470-F07B-4CF4-8879-54AEED5DBCBC}.Release|Any CPU.ActiveCfg = Release|x86
		{71FB5470-F07B-4CF4-8879-54AEED5DBCBC}.Release|ARM.ActiveCfg = Release|ARM
		{71FB5470-F07B-4CF4-8879-54AEED5DBCBC}.Release|ARM.Build.0 = Release|ARM
		{71FB5470-F07B-4CF4-8879-54AEED5DBCBC}.Release|ARM.Deploy.0 = Release|ARM
		{71FB5470-F07B-4CF4-8879-54AEED5DBCBC}.Release|ARM64.ActiveCfg = Release|ARM64
		{71FB5470-F07B-4CF4-8879-54AEED5DBCBC}.Release|ARM64.Build.0 = Release|ARM64
		{71FB5470-F07B-4CF4-8879-54AEED5DBCBC}.Release|ARM64.Deploy.0 = Release|ARM64
		{71FB5470-F07B-4CF4-8879-54AEED5DBCBC}.Release|x64.ActiveCfg = Release|x64
		{71FB5470-F07B-4CF4-8879-54AEED5DBCBC}.Release|x64.Build.0 = Release|x64
		{71FB5470-F07B-4CF4-8879-54AEED5DBCBC}.Release|x64.Deploy.0 = Release|x64
		{71FB5470-F07B-4CF4-8879-54AEED5DBCBC}.Release|x86.ActiveCfg = Release|x86
		{71FB5470-F07B-4CF4-8879-54AEED5DBCBC}.Release|x86.Build.0 = Release|x86
		{71FB5470-F07B-4CF4-8879-54AEED5DBCBC}.Release|x86.Deploy.0 = Release|x86
	EndGlobalSection
	GlobalSection(SolutionProperties) = preSolution
		HideSolutionNode = FALSE
	EndGlobalSection
	GlobalSection(ExtensibilityGlobals) = postSolution
		SolutionGuid = {9B745D06-3B91-44A3-BA65-2A5DF6963814}
	EndGlobalSection
EndGlobal
